
Microsoft Visual Studio Solution File, Format Version 12.00
# Visual Studio Version 17
VisualStudioVersion = 17.1.32319.34
MinimumVisualStudioVersion = 10.0.40219.1
Project("{FAE04EC0-301F-11D3-BF4B-00C04F79EFBC}") = "TheatrhythmDecrypt", "TheatrhythmDecrypt.csproj", "{93213F9A-CEF4-47BD-AF79-ADE19A097CCF}"
EndProject
Global
	GlobalSection(SolutionConfigurationPlatforms) = preSolution
		Debug|Any CPU = Debug|Any CPU
		Release|Any CPU = Release|Any CPU
	EndGlobalSection
	GlobalSection(ProjectConfigurationPlatforms) = postSolution
		{93213F9A-CEF4-47BD-AF79-ADE19A097CCF}.Debug|Any CPU.ActiveCfg = Debug|Any CPU
		{93213F9A-CEF4-47BD-AF79-ADE19A097CCF}.Debug|Any CPU.Build.0 = Debug|Any CPU
		{93213F9A-CEF4-47BD-AF79-ADE19A097CCF}.Release|Any CPU.ActiveCfg = Release|Any CPU
		{93213F9A-CEF4-47BD-AF79-ADE19A097CCF}.Release|Any CPU.Build.0 = Release|Any CPU
	EndGlobalSection
	GlobalSection(SolutionProperties) = preSolution
		HideSolutionNode = FALSE
	EndGlobalSection
	GlobalSection(ExtensibilityGlobals) = postSolution
		SolutionGuid = {B460DE39-9C17-43B7-9791-C709288D13CC}
	EndGlobalSection
EndGlobal
